
Microsoft Visual Studio Solution File, Format Version 12.00
# Visual Studio Version 17
VisualStudioVersion = 17.13.35825.156 d17.13
MinimumVisualStudioVersion = 10.0.40219.1
Project("{FAE04EC0-301F-11D3-BF4B-00C04F79EFBC}") = "ConsoleApp2", "ConsoleApp2\ConsoleApp2.csproj", "{932DB51C-E8AD-4F0A-91CF-E794E2579EF9}"
EndProject
Global
	GlobalSection(SolutionConfigurationPlatforms) = preSolution
		Debug|Any CPU = Debug|Any CPU
		Release|Any CPU = Release|Any CPU
	EndGlobalSection
	GlobalSection(ProjectConfigurationPlatforms) = postSolution
		{932DB51C-E8AD-4F0A-91CF-E794E2579EF9}.Debug|Any CPU.ActiveCfg = Debug|Any CPU
		{932DB51C-E8AD-4F0A-91CF-E794E2579EF9}.Debug|Any CPU.Build.0 = Debug|Any CPU
		{932DB51C-E8AD-4F0A-91CF-E794E2579EF9}.Release|Any CPU.ActiveCfg = Release|Any CPU
		{932DB51C-E8AD-4F0A-91CF-E794E2579EF9}.Release|Any CPU.Build.0 = Release|Any CPU
	EndGlobalSection
	GlobalSection(SolutionProperties) = preSolution
		HideSolutionNode = FALSE
	EndGlobalSection
	GlobalSection(ExtensibilityGlobals) = postSolution
		SolutionGuid = {FB459223-C4C0-45A8-B5D9-066433589F81}
	EndGlobalSection
EndGlobal
